<?xml version="1.0" encoding="utf-8"?>
<Project ToolsVersion="4.0" xmlns="http://schemas.microsoft.com/developer/msbuild/2003">
  <ItemGroup>
    <Filter Include="Исходные файлы">
      <UniqueIdentifier>{4FC737F1-C7A5-4376-A066-2A32D752A2FF}</UniqueIdentifier>
      <Extensions>cpp;c;cc;cxx;c++;cppm;ixx;def;odl;idl;hpj;bat;asm;asmx</Extensions>
    </Filter>
    <Filter Include="Файлы заголовков">
      <UniqueIdentifier>{93995380-89BD-4b04-88EB-625FBE52EBFB}</UniqueIdentifier>
      <Extensions>h;hh;hpp;hxx;h++;hm;inl;inc;ipp;xsd</Extensions>
    </Filter>
    <Filter Include="Файлы ресурсов">
      <UniqueIdentifier>{67DA6AB6-F800-4c08-8B7A-83BB121AAD01}</UniqueIdentifier>
      <Extensions>rc;ico;cur;bmp;dlg;rc2;rct;bin;rgs;gif;jpg;jpeg;jpe;resx;tiff;tif;png;wav;mfcribbon-ms</Extensions>
    </Filter>
  </ItemGroup>
  <ItemGroup>
    <ClCompile Include="LoginForm.cpp">
      <Filter>Файлы заголовков</Filter>
    </ClCompile>
    <ClCompile Include="Functions.cpp">
      <Filter>Файлы заголовков</Filter>
    </ClCompile>
    <ClCompile Include="Classes.cpp">
      <Filter>Файлы заголовков</Filter>
    </ClCompile>
    <ClCompile Include="LibraryForm.cpp">
      <Filter>Файлы заголовков</Filter>
    </ClCompile>
    <ClCompile Include="AutorizationForm.cpp">
      <Filter>Файлы заголовков</Filter>
    </ClCompile>
    <ClCompile Include="AdminForm6.cpp">
      <Filter>Файлы заголовков</Filter>
    </ClCompile>
    <ClCompile Include="AdminForm5.cpp">
      <Filter>Файлы заголовков</Filter>
    </ClCompile>
    <ClCompile Include="AdminForm4.cpp">
      <Filter>Файлы заголовков</Filter>
    </ClCompile>
    <ClCompile Include="AdminForm3.cpp">
      <Filter>Файлы заголовков</Filter>
    </ClCompile>
    <ClCompile Include="AdminForm2.cpp">
      <Filter>Файлы заголовков</Filter>
    </ClCompile>
    <ClCompile Include="AdminForm1.cpp">
      <Filter>Файлы заголовков</Filter>
    </ClCompile>
    <ClCompile Include="AdminForm.cpp">
      <Filter>Файлы заголовков</Filter>
    </ClCompile>
  </ItemGroup>
  <ItemGroup>
    <ClInclude Include="LoginForm.h">
      <Filter>Исходные файлы</Filter>
    </ClInclude>
    <ClInclude Include="AdminForm.h">
      <Filter>Исходные файлы</Filter>
    </ClInclude>
    <ClInclude Include="AutorizationForm.h">
      <Filter>Исходные файлы</Filter>
    </ClInclude>
    <ClInclude Include="LibraryForm.h">
      <Filter>Исходные файлы</Filter>
    </ClInclude>
    <ClInclude Include="AdminForm3.h">
      <Filter>Исходные файлы</Filter>
    </ClInclude>
    <ClInclude Include="AdminForm4.h">
      <Filter>Исходные файлы</Filter>
    </ClInclude>
    <ClInclude Include="AdminForm1.h">
      <Filter>Исходные файлы</Filter>
    </ClInclude>
    <ClInclude Include="AdminForm2.h">
      <Filter>Исходные файлы</Filter>
    </ClInclude>
    <ClInclude Include="AdminForm5.h">
      <Filter>Исходные файлы</Filter>
    </ClInclude>
    <ClInclude Include="AdminForm6.h">
      <Filter>Исходные файлы</Filter>
    </ClInclude>
    <ClInclude Include="Time.h">
      <Filter>Файлы заголовков</Filter>
    </ClInclude>
    <ClInclude Include="Functions.h">
      <Filter>Файлы заголовков</Filter>
    </ClInclude>
    <ClInclude Include="Classes.h">
      <Filter>Файлы заголовков</Filter>
    </ClInclude>
  </ItemGroup>
  <ItemGroup>
    <Text Include="Favourites.txt">
      <Filter>Файлы ресурсов</Filter>
    </Text>
    <Text Include="DefaultData.txt">
      <Filter>Файлы ресурсов</Filter>
    </Text>
    <Text Include="Data.txt">
      <Filter>Файлы ресурсов</Filter>
    </Text>
  </ItemGroup>
</Project>